
Microsoft Visual Studio Solution File, Format Version 12.00
# Visual Studio 15
VisualStudioVersion = 15.0.28010.0
MinimumVisualStudioVersion = 10.0.40219.1
Project("{9A19103F-16F7-4668-BE54-9A1E7A4F7556}") = "BadSuperbowlNamer.Tests", "BadSuperbowlNamer\BadSuperbowlNamer.Tests.csproj", "{3C59E770-DBEB-4176-9930-21C0120EC397}"
EndProject
Project("{FAE04EC0-301F-11D3-BF4B-00C04F79EFBC}") = "BadSuperbowlNamer!", "BadSuperbowlNamer!\BadSuperbowlNamer!.csproj", "{4FE6F2E2-FE66-4021-8A99-7020C555CF3A}"
EndProject
Global
	GlobalSection(SolutionConfigurationPlatforms) = preSolution
		Debug|Any CPU = Debug|Any CPU
		Release|Any CPU = Release|Any CPU
	EndGlobalSection
	GlobalSection(ProjectConfigurationPlatforms) = postSolution
		{3C59E770-DBEB-4176-9930-21C0120EC397}.Debug|Any CPU.ActiveCfg = Debug|Any CPU
		{3C59E770-DBEB-4176-9930-21C0120EC397}.Debug|Any CPU.Build.0 = Debug|Any CPU
		{3C59E770-DBEB-4176-9930-21C0120EC397}.Release|Any CPU.ActiveCfg = Release|Any CPU
		{3C59E770-DBEB-4176-9930-21C0120EC397}.Release|Any CPU.Build.0 = Release|Any CPU
		{4FE6F2E2-FE66-4021-8A99-7020C555CF3A}.Debug|Any CPU.ActiveCfg = Debug|Any CPU
		{4FE6F2E2-FE66-4021-8A99-7020C555CF3A}.Debug|Any CPU.Build.0 = Debug|Any CPU
		{4FE6F2E2-FE66-4021-8A99-7020C555CF3A}.Release|Any CPU.ActiveCfg = Release|Any CPU
		{4FE6F2E2-FE66-4021-8A99-7020C555CF3A}.Release|Any CPU.Build.0 = Release|Any CPU
	EndGlobalSection
	GlobalSection(SolutionProperties) = preSolution
		HideSolutionNode = FALSE
	EndGlobalSection
	GlobalSection(ExtensibilityGlobals) = postSolution
		SolutionGuid = {F84078DB-7DE9-4EBA-A966-5B34DEDE4ED9}
	EndGlobalSection
EndGlobal
